
Microsoft Visual Studio Solution File, Format Version 12.00
# Visual Studio Version 17
VisualStudioVersion = 17.2.32630.192
MinimumVisualStudioVersion = 10.0.40219.1
Project("{9A19103F-16F7-4668-BE54-9A1E7A4F7556}") = "RentalCarSystem", "RentalCarSystem\RentalCarSystem.csproj", "{7B0FE1B7-EB3C-4520-8C01-07E8D1FC2E01}"
EndProject
Project("{9A19103F-16F7-4668-BE54-9A1E7A4F7556}") = "RentalCarSystem.Infrastructure", "RentalCarSystem.Infrastructure\RentalCarSystem.Infrastructure.csproj", "{A65EC278-3D7C-45F6-B654-6FDD63E04B25}"
EndProject
Project("{9A19103F-16F7-4668-BE54-9A1E7A4F7556}") = "RentalCarSystem.Core", "RentalCarSystem.Core\RentalCarSystem.Core.csproj", "{AF86651E-763C-4012-9241-3A4E98369C03}"
EndProject
Project("{9A19103F-16F7-4668-BE54-9A1E7A4F7556}") = "RentalCarSystem.Api", "RentalCarSystem.Api\RentalCarSystem.Api.csproj", "{2236FB50-729A-4D2D-8133-A81890B8AF97}"
EndProject
Project("{FAE04EC0-301F-11D3-BF4B-00C04F79EFBC}") = "RentalCarSystem.Test", "RentalCarSystem.Test\RentalCarSystem.Test.csproj", "{04570E5D-EF92-4341-A1F4-6AC77CBF3B2C}"
EndProject
Global
	GlobalSection(SolutionConfigurationPlatforms) = preSolution
		Debug|Any CPU = Debug|Any CPU
		Release|Any CPU = Release|Any CPU
	EndGlobalSection
	GlobalSection(ProjectConfigurationPlatforms) = postSolution
		{7B0FE1B7-EB3C-4520-8C01-07E8D1FC2E01}.Debug|Any CPU.ActiveCfg = Debug|Any CPU
		{7B0FE1B7-EB3C-4520-8C01-07E8D1FC2E01}.Debug|Any CPU.Build.0 = Debug|Any CPU
		{7B0FE1B7-EB3C-4520-8C01-07E8D1FC2E01}.Release|Any CPU.ActiveCfg = Release|Any CPU
		{7B0FE1B7-EB3C-4520-8C01-07E8D1FC2E01}.Release|Any CPU.Build.0 = Release|Any CPU
		{A65EC278-3D7C-45F6-B654-6FDD63E04B25}.Debug|Any CPU.ActiveCfg = Debug|Any CPU
		{A65EC278-3D7C-45F6-B654-6FDD63E04B25}.Debug|Any CPU.Build.0 = Debug|Any CPU
		{A65EC278-3D7C-45F6-B654-6FDD63E04B25}.Release|Any CPU.ActiveCfg = Release|Any CPU
		{A65EC278-3D7C-45F6-B654-6FDD63E04B25}.Release|Any CPU.Build.0 = Release|Any CPU
		{AF86651E-763C-4012-9241-3A4E98369C03}.Debug|Any CPU.ActiveCfg = Debug|Any CPU
		{AF86651E-763C-4012-9241-3A4E98369C03}.Debug|Any CPU.Build.0 = Debug|Any CPU
		{AF86651E-763C-4012-9241-3A4E98369C03}.Release|Any CPU.ActiveCfg = Release|Any CPU
		{AF86651E-763C-4012-9241-3A4E98369C03}.Release|Any CPU.Build.0 = Release|Any CPU
		{2236FB50-729A-4D2D-8133-A81890B8AF97}.Debug|Any CPU.ActiveCfg = Debug|Any CPU
		{2236FB50-729A-4D2D-8133-A81890B8AF97}.Debug|Any CPU.Build.0 = Debug|Any CPU
		{2236FB50-729A-4D2D-8133-A81890B8AF97}.Release|Any CPU.ActiveCfg = Release|Any CPU
		{2236FB50-729A-4D2D-8133-A81890B8AF97}.Release|Any CPU.Build.0 = Release|Any CPU
		{04570E5D-EF92-4341-A1F4-6AC77CBF3B2C}.Debug|Any CPU.ActiveCfg = Debug|Any CPU
		{04570E5D-EF92-4341-A1F4-6AC77CBF3B2C}.Debug|Any CPU.Build.0 = Debug|Any CPU
		{04570E5D-EF92-4341-A1F4-6AC77CBF3B2C}.Release|Any CPU.ActiveCfg = Release|Any CPU
		{04570E5D-EF92-4341-A1F4-6AC77CBF3B2C}.Release|Any CPU.Build.0 = Release|Any CPU
	EndGlobalSection
	GlobalSection(SolutionProperties) = preSolution
		HideSolutionNode = FALSE
	EndGlobalSection
	GlobalSection(ExtensibilityGlobals) = postSolution
		SolutionGuid = {6D602787-5BBB-4F1B-BB98-917A99B442BF}
	EndGlobalSection
EndGlobal
